
Microsoft Visual Studio Solution File, Format Version 12.00
# Visual Studio Version 17
VisualStudioVersion = 17.5.33627.172
MinimumVisualStudioVersion = 10.0.40219.1
Project("{9A19103F-16F7-4668-BE54-9A1E7A4F7556}") = "TwoFA", "2FA\TwoFA.csproj", "{FC53289E-171C-4C32-B456-E78C3852A248}"
EndProject
Global
	GlobalSection(SolutionConfigurationPlatforms) = preSolution
		Debug|Any CPU = Debug|Any CPU
		Release|Any CPU = Release|Any CPU
	EndGlobalSection
	GlobalSection(ProjectConfigurationPlatforms) = postSolution
		{FC53289E-171C-4C32-B456-E78C3852A248}.Debug|Any CPU.ActiveCfg = Debug|Any CPU
		{FC53289E-171C-4C32-B456-E78C3852A248}.Debug|Any CPU.Build.0 = Debug|Any CPU
		{FC53289E-171C-4C32-B456-E78C3852A248}.Release|Any CPU.ActiveCfg = Release|Any CPU
		{FC53289E-171C-4C32-B456-E78C3852A248}.Release|Any CPU.Build.0 = Release|Any CPU
	EndGlobalSection
	GlobalSection(SolutionProperties) = preSolution
		HideSolutionNode = FALSE
	EndGlobalSection
	GlobalSection(ExtensibilityGlobals) = postSolution
		SolutionGuid = {BEE8B7E7-4AF0-451A-AF68-C275C9759631}
	EndGlobalSection
EndGlobal
